
Microsoft Visual Studio Solution File, Format Version 12.00
# Visual Studio Version 16
VisualStudioVersion = 16.0.30611.23
MinimumVisualStudioVersion = 10.0.40219.1
Project("{FAE04EC0-301F-11D3-BF4B-00C04F79EFBC}") = "VendasWebMVC", "VendasWebMVC\VendasWebMVC.csproj", "{5221A2B2-51F2-422B-8387-806E175F1B34}"
EndProject
Global
	GlobalSection(SolutionConfigurationPlatforms) = preSolution
		Debug|Any CPU = Debug|Any CPU
		Release|Any CPU = Release|Any CPU
	EndGlobalSection
	GlobalSection(ProjectConfigurationPlatforms) = postSolution
		{5221A2B2-51F2-422B-8387-806E175F1B34}.Debug|Any CPU.ActiveCfg = Debug|Any CPU
		{5221A2B2-51F2-422B-8387-806E175F1B34}.Debug|Any CPU.Build.0 = Debug|Any CPU
		{5221A2B2-51F2-422B-8387-806E175F1B34}.Release|Any CPU.ActiveCfg = Release|Any CPU
		{5221A2B2-51F2-422B-8387-806E175F1B34}.Release|Any CPU.Build.0 = Release|Any CPU
	EndGlobalSection
	GlobalSection(SolutionProperties) = preSolution
		HideSolutionNode = FALSE
	EndGlobalSection
	GlobalSection(ExtensibilityGlobals) = postSolution
		SolutionGuid = {25056647-75AA-470C-94F7-C643958139C6}
	EndGlobalSection
EndGlobal
